{
  "version": 4,
  "terraform_version": "1.3.6",
  "serial": 12,
  "lineage": "2db9600f-49c4-045d-ee5e-0ed6ed91d1b6",
  "outputs": {},
  "resources": [
    {
      "mode": "managed",
      "type": "aws_iam_group",
      "name": "group",
      "provider": "provider[\"registry.terraform.io/hashicorp/aws\"]",
      "instances": [
        {
          "schema_version": 0,
          "attributes": {
            "arn": "arn:aws:iam::020120908695:group/MOONSHINE-IAM-GRP",
            "id": "MOONSHINE-IAM-GRP",
            "name": "MOONSHINE-IAM-GRP",
            "path": "/",
            "unique_id": "AGPAQJL2MWOL2HHHWHDVC"
          },
          "sensitive_attributes": [],
          "private": "bnVsbA=="
        }
      ]
    },
    {
      "mode": "managed",
      "type": "aws_iam_group_membership",
      "name": "group_membership",
      "provider": "provider[\"registry.terraform.io/hashicorp/aws\"]",
      "instances": [
        {
          "schema_version": 0,
          "attributes": {
            "group": "MOONSHINE-IAM-GRP",
            "id": "MOONSHINE-TESTING-GROUP",
            "name": "MOONSHINE-TESTING-GROUP",
            "users": [
              "SARFARAZ"
            ]
          },
          "sensitive_attributes": [],
          "private": "bnVsbA==",
          "dependencies": [
            "aws_iam_group.group",
            "aws_iam_user.employee"
          ]
        }
      ]
    },
    {
      "mode": "managed",
      "type": "aws_iam_user",
      "name": "employee",
      "provider": "provider[\"registry.terraform.io/hashicorp/aws\"]",
      "instances": [
        {
          "schema_version": 0,
          "attributes": {
            "arn": "arn:aws:iam::020120908695:user/SARFARAZ",
            "force_destroy": false,
            "id": "SARFARAZ",
            "name": "SARFARAZ",
            "path": "/",
            "permissions_boundary": null,
            "tags": null,
            "tags_all": {},
            "unique_id": "AIDAQJL2MWOL34GYHV7GO"
          },
          "sensitive_attributes": [],
          "private": "bnVsbA=="
        }
      ]
    }
  ],
  "check_results": null
}
